
Microsoft Visual Studio Solution File, Format Version 12.00
# Visual Studio 15
VisualStudioVersion = 15.0.27703.2047
MinimumVisualStudioVersion = 10.0.40219.1
Project("{9A19103F-16F7-4668-BE54-9A1E7A4F7556}") = "PDM", "Domain\PDM.csproj", "{342B6EA6-F66C-4305-8C7C-5C0202F3AD04}"
EndProject
Project("{2150E333-8FDC-42A3-9474-1A3956D46DE8}") = "UnitTest", "UnitTest", "{5DF3B3C0-B7AF-40C0-B224-B544EF475D11}"
EndProject
Project("{FAE04EC0-301F-11D3-BF4B-00C04F79EFBC}") = "PDM.Test", "UnitTest\PDM.Test\PDM.Test.csproj", "{C2531BDB-C222-4CF7-B0E5-32CEB5828598}"
EndProject
Global
	GlobalSection(SolutionConfigurationPlatforms) = preSolution
		Debug|Any CPU = Debug|Any CPU
		Release|Any CPU = Release|Any CPU
	EndGlobalSection
	GlobalSection(ProjectConfigurationPlatforms) = postSolution
		{342B6EA6-F66C-4305-8C7C-5C0202F3AD04}.Debug|Any CPU.ActiveCfg = Debug|Any CPU
		{342B6EA6-F66C-4305-8C7C-5C0202F3AD04}.Debug|Any CPU.Build.0 = Debug|Any CPU
		{342B6EA6-F66C-4305-8C7C-5C0202F3AD04}.Release|Any CPU.ActiveCfg = Release|Any CPU
		{342B6EA6-F66C-4305-8C7C-5C0202F3AD04}.Release|Any CPU.Build.0 = Release|Any CPU
		{C2531BDB-C222-4CF7-B0E5-32CEB5828598}.Debug|Any CPU.ActiveCfg = Debug|Any CPU
		{C2531BDB-C222-4CF7-B0E5-32CEB5828598}.Debug|Any CPU.Build.0 = Debug|Any CPU
		{C2531BDB-C222-4CF7-B0E5-32CEB5828598}.Release|Any CPU.ActiveCfg = Release|Any CPU
		{C2531BDB-C222-4CF7-B0E5-32CEB5828598}.Release|Any CPU.Build.0 = Release|Any CPU
	EndGlobalSection
	GlobalSection(SolutionProperties) = preSolution
		HideSolutionNode = FALSE
	EndGlobalSection
	GlobalSection(NestedProjects) = preSolution
		{C2531BDB-C222-4CF7-B0E5-32CEB5828598} = {5DF3B3C0-B7AF-40C0-B224-B544EF475D11}
	EndGlobalSection
	GlobalSection(ExtensibilityGlobals) = postSolution
		SolutionGuid = {C28FE8A7-00F6-4291-B5A1-A94F644DACD7}
	EndGlobalSection
EndGlobal
